// !$*UTF8*$!
{
	archiveVersion = 1;
	classes = {
	};
	objectVersion = 48;
	objects = {

/* Begin PBXBuildFile section */
		42F9C2A4205E3B850077244F /* AppDelegate.swift in Sources */ = {isa = PBXBuildFile; fileRef = 42F9C2A3205E3B850077244F /* AppDelegate.swift */; };
		42F9C2A6205E3B850077244F /* ViewController.swift in Sources */ = {isa = PBXBuildFile; fileRef = 42F9C2A5205E3B850077244F /* ViewController.swift */; };
		42F9C2A9205E3B850077244F /* Main.storyboard in Resources */ = {isa = PBXBuildFile; fileRef = 42F9C2A7205E3B850077244F /* Main.storyboard */; };
		42F9C2AB205E3B850077244F /* Assets.xcassets in Resources */ = {isa = PBXBuildFile; fileRef = 42F9C2AA205E3B850077244F /* Assets.xcassets */; };
		42F9C2AE205E3B850077244F /* LaunchScreen.storyboard in Resources */ = {isa = PBXBuildFile; fileRef = 42F9C2AC205E3B850077244F /* LaunchScreen.storyboard */; };
		42F9C2B9205E3B850077244F /* ZanyTests.swift in Sources */ = {isa = PBXBuildFile; fileRef = 42F9C2B8205E3B850077244F /* ZanyTests.swift */; };
		42F9C2C4205E3B9A0077244F /* Zany.swift in Sources */ = {isa = PBXBuildFile; fileRef = 42F9C2C3205E3B9A0077244F /* Zany.swift */; };
/* End PBXBuildFile section */

/* Begin PBXContainerItemProxy section */
		42F9C2B5205E3B850077244F /* PBXContainerItemProxy */ = {
			isa = PBXContainerItemProxy;
			containerPortal = 42F9C298205E3B850077244F /* Project object */;
			proxyType = 1;
			remoteGlobalIDString = 42F9C29F205E3B850077244F;
			remoteInfo = Zany;
		};
/* End PBXContainerItemProxy section */

/* Begin PBXFileReference section */
		42F9C2A0205E3B850077244F /* Zany.app */ = {isa = PBXFileReference; explicitFileType = wrapper.application; includeInIndex = 0; path = Zany.app; sourceTree = BUILT_PRODUCTS_DIR; };
		42F9C2A3205E3B850077244F /* AppDelegate.swift */ = {isa = PBXFileReference; lastKnownFileType = sourcecode.swift; path = AppDelegate.swift; sourceTree = "<group>"; };
		42F9C2A5205E3B850077244F /* ViewController.swift */ = {isa = PBXFileReference; lastKnownFileType = sourcecode.swift; path = ViewController.swift; sourceTree = "<group>"; };
		42F9C2A8205E3B850077244F /* Base */ = {isa = PBXFileReference; lastKnownFileType = file.storyboard; name = Base; path = Base.lproj/Main.storyboard; sourceTree = "<group>"; };
		42F9C2AA205E3B850077244F /* Assets.xcassets */ = {isa = PBXFileReference; lastKnownFileType = folder.assetcatalog; path = Assets.xcassets; sourceTree = "<group>"; };
		42F9C2AD205E3B850077244F /* Base */ = {isa = PBXFileReference; lastKnownFileType = file.storyboard; name = Base; path = Base.lproj/LaunchScreen.storyboard; sourceTree = "<group>"; };
		42F9C2AF205E3B850077244F /* Info.plist */ = {isa = PBXFileReference; lastKnownFileType = text.plist.xml; path = Info.plist; sourceTree = "<group>"; };
		42F9C2B4205E3B850077244F /* ZanyTests.xctest */ = {isa = PBXFileReference; explicitFileType = wrapper.cfbundle; includeInIndex = 0; path = ZanyTests.xctest; sourceTree = BUILT_PRODUCTS_DIR; };
		42F9C2B8205E3B850077244F /* ZanyTests.swift */ = {isa = PBXFileReference; lastKnownFileType = sourcecode.swift; path = ZanyTests.swift; sourceTree = "<group>"; };
		42F9C2BA205E3B850077244F /* Info.plist */ = {isa = PBXFileReference; lastKnownFileType = text.plist.xml; path = Info.plist; sourceTree = "<group>"; };
		42F9C2C3205E3B9A0077244F /* Zany.swift */ = {isa = PBXFileReference; lastKnownFileType = sourcecode.swift; path = Zany.swift; sourceTree = "<group>"; };
/* End PBXFileReference section */

/* Begin PBXFrameworksBuildPhase section */
		42F9C29D205E3B850077244F /* Frameworks */ = {
			isa = PBXFrameworksBuildPhase;
			buildActionMask = 2147483647;
			files = (
			);
			runOnlyForDeploymentPostprocessing = 0;
		};
		42F9C2B1205E3B850077244F /* Frameworks */ = {
			isa = PBXFrameworksBuildPhase;
			buildActionMask = 2147483647;
			files = (
			);
			runOnlyForDeploymentPostprocessing = 0;
		};
/* End PBXFrameworksBuildPhase section */

/* Begin PBXGroup section */
		42F9C297205E3B850077244F = {
			isa = PBXGroup;
			children = (
				42F9C2A2205E3B850077244F /* Zany */,
				42F9C2B7205E3B850077244F /* ZanyTests */,
				42F9C2A1205E3B850077244F /* Products */,
			);
			sourceTree = "<group>";
		};
		42F9C2A1205E3B850077244F /* Products */ = {
			isa = PBXGroup;
			children = (
				42F9C2A0205E3B850077244F /* Zany.app */,
				42F9C2B4205E3B850077244F /* ZanyTests.xctest */,
			);
			name = Products;
			sourceTree = "<group>";
		};
		42F9C2A2205E3B850077244F /* Zany */ = {
			isa = PBXGroup;
			children = (
				42F9C2A3205E3B850077244F /* AppDelegate.swift */,
				42F9C2A5205E3B850077244F /* ViewController.swift */,
				42F9C2A7205E3B850077244F /* Main.storyboard */,
				42F9C2AA205E3B850077244F /* Assets.xcassets */,
				42F9C2AC205E3B850077244F /* LaunchScreen.storyboard */,
				42F9C2AF205E3B850077244F /* Info.plist */,
				42F9C2C3205E3B9A0077244F /* Zany.swift */,
			);
			path = Zany;
			sourceTree = "<group>";
		};
		42F9C2B7205E3B850077244F /* ZanyTests */ = {
			isa = PBXGroup;
			children = (
				42F9C2B8205E3B850077244F /* ZanyTests.swift */,
				42F9C2BA205E3B850077244F /* Info.plist */,
			);
			path = ZanyTests;
			sourceTree = "<group>";
		};
/* End PBXGroup section */

/* Begin PBXNativeTarget section */
		42F9C29F205E3B850077244F /* Zany */ = {
			isa = PBXNativeTarget;
			buildConfigurationList = 42F9C2BD205E3B850077244F /* Build configuration list for PBXNativeTarget "Zany" */;
			buildPhases = (
				42F9C29C205E3B850077244F /* Sources */,
				42F9C29D205E3B850077244F /* Frameworks */,
				42F9C29E205E3B850077244F /* Resources */,
			);
			buildRules = (
			);
			dependencies = (
			);
			name = Zany;
			productName = Zany;
			productReference = 42F9C2A0205E3B850077244F /* Zany.app */;
			productType = "com.apple.product-type.application";
		};
		42F9C2B3205E3B850077244F /* ZanyTests */ = {
			isa = PBXNativeTarget;
			buildConfigurationList = 42F9C2C0205E3B850077244F /* Build configuration list for PBXNativeTarget "ZanyTests" */;
			buildPhases = (
				42F9C2B0205E3B850077244F /* Sources */,
				42F9C2B1205E3B850077244F /* Frameworks */,
				42F9C2B2205E3B850077244F /* Resources */,
			);
			buildRules = (
			);
			dependencies = (
				42F9C2B6205E3B850077244F /* PBXTargetDependency */,
			);
			name = ZanyTests;
			productName = ZanyTests;
			productReference = 42F9C2B4205E3B850077244F /* ZanyTests.xctest */;
			productType = "com.apple.product-type.bundle.unit-test";
		};
/* End PBXNativeTarget section */

/* Begin PBXProject section */
		42F9C298205E3B850077244F /* Project object */ = {
			isa = PBXProject;
			attributes = {
				LastSwiftUpdateCheck = 0920;
				LastUpgradeCheck = 0920;
				ORGANIZATIONNAME = YV;
				TargetAttributes = {
					42F9C29F205E3B850077244F = {
						CreatedOnToolsVersion = 9.2;
						ProvisioningStyle = Automatic;
					};
					42F9C2B3205E3B850077244F = {
						CreatedOnToolsVersion = 9.2;
						ProvisioningStyle = Automatic;
						TestTargetID = 42F9C29F205E3B850077244F;
					};
				};
			};
			buildConfigurationList = 42F9C29B205E3B850077244F /* Build configuration list for PBXProject "Zany" */;
			compatibilityVersion = "Xcode 8.0";
			developmentRegion = en;
			hasScannedForEncodings = 0;
			knownRegions = (
				en,
				Base,
			);
			mainGroup = 42F9C297205E3B850077244F;
			productRefGroup = 42F9C2A1205E3B850077244F /* Products */;
			projectDirPath = "";
			projectRoot = "";
			targets = (
				42F9C29F205E3B850077244F /* Zany */,
				42F9C2B3205E3B850077244F /* ZanyTests */,
			);
		};
/* End PBXProject section */

/* Begin PBXResourcesBuildPhase section */
		42F9C29E205E3B850077244F /* Resources */ = {
			isa = PBXResourcesBuildPhase;
			buildActionMask = 2147483647;
			files = (
				42F9C2AE205E3B850077244F /* LaunchScreen.storyboard in Resources */,
				42F9C2AB205E3B850077244F /* Assets.xcassets in Resources */,
				42F9C2A9205E3B850077244F /* Main.storyboard in Resources */,
			);
			runOnlyForDeploymentPostprocessing = 0;
		};
		42F9C2B2205E3B850077244F /* Resources */ = {
			isa = PBXResourcesBuildPhase;
			buildActionMask = 2147483647;
			files = (
			);
			runOnlyForDeploymentPostprocessing = 0;
		};
/* End PBXResourcesBuildPhase section */

/* Begin PBXSourcesBuildPhase section */
		42F9C29C205E3B850077244F /* Sources */ = {
			isa = PBXSourcesBuildPhase;
			buildActionMask = 2147483647;
			files = (
				42F9C2C4205E3B9A0077244F /* Zany.swift in Sources */,
				42F9C2A6205E3B850077244F /* ViewController.swift in Sources */,
				42F9C2A4205E3B850077244F /* AppDelegate.swift in Sources */,
			);
			runOnlyForDeploymentPostprocessing = 0;
		};
		42F9C2B0205E3B850077244F /* Sources */ = {
			isa = PBXSourcesBuildPhase;
			buildActionMask = 2147483647;
			files = (
				42F9C2B9205E3B850077244F /* ZanyTests.swift in Sources */,
			);
			runOnlyForDeploymentPostprocessing = 0;
		};
/* End PBXSourcesBuildPhase section */

/* Begin PBXTargetDependency section */
		42F9C2B6205E3B850077244F /* PBXTargetDependency */ = {
			isa = PBXTargetDependency;
			target = 42F9C29F205E3B850077244F /* Zany */;
			targetProxy = 42F9C2B5205E3B850077244F /* PBXContainerItemProxy */;
		};
/* End PBXTargetDependency section */

/* Begin PBXVariantGroup section */
		42F9C2A7205E3B850077244F /* Main.storyboard */ = {
			isa = PBXVariantGroup;
			children = (
				42F9C2A8205E3B850077244F /* Base */,
			);
			name = Main.storyboard;
			sourceTree = "<group>";
		};
		42F9C2AC205E3B850077244F /* LaunchScreen.storyboard */ = {
			isa = PBXVariantGroup;
			children = (
				42F9C2AD205E3B850077244F /* Base */,
			);
			name = LaunchScreen.storyboard;
			sourceTree = "<group>";
		};
/* End PBXVariantGroup section */

/* Begin XCBuildConfiguration section */
		42F9C2BB205E3B850077244F /* Debug */ = {
			isa = XCBuildConfiguration;
			buildSettings = {
				ALWAYS_SEARCH_USER_PATHS = NO;
				CLANG_ANALYZER_NONNULL = YES;
				CLANG_ANALYZER_NUMBER_OBJECT_CONVERSION = YES_AGGRESSIVE;
				CLANG_CXX_LANGUAGE_STANDARD = "gnu++14";
				CLANG_CXX_LIBRARY = "libc++";
				CLANG_ENABLE_MODULES = YES;
				CLANG_ENABLE_OBJC_ARC = YES;
				CLANG_WARN_BLOCK_CAPTURE_AUTORELEASING = YES;
				CLANG_WARN_BOOL_CONVERSION = YES;
				CLANG_WARN_COMMA = YES;
				CLANG_WARN_CONSTANT_CONVERSION = YES;
				CLANG_WARN_DIRECT_OBJC_ISA_USAGE = YES_ERROR;
				CLANG_WARN_DOCUMENTATION_COMMENTS = YES;
				CLANG_WARN_EMPTY_BODY = YES;
				CLANG_WARN_ENUM_CONVERSION = YES;
				CLANG_WARN_INFINITE_RECURSION = YES;
				CLANG_WARN_INT_CONVERSION = YES;
				CLANG_WARN_NON_LITERAL_NULL_CONVERSION = YES;
				CLANG_WARN_OBJC_LITERAL_CONVERSION = YES;
				CLANG_WARN_OBJC_ROOT_CLASS = YES_ERROR;
				CLANG_WARN_RANGE_LOOP_ANALYSIS = YES;
				CLANG_WARN_STRICT_PROTOTYPES = YES;
				CLANG_WARN_SUSPICIOUS_MOVE = YES;
				CLANG_WARN_UNGUARDED_AVAILABILITY = YES_AGGRESSIVE;
				CLANG_WARN_UNREACHABLE_CODE = YES;
				CLANG_WARN__DUPLICATE_METHOD_MATCH = YES;
				CODE_SIGN_IDENTITY = "iPhone Developer";
				COPY_PHASE_STRIP = NO;
				DEBUG_INFORMATION_FORMAT = dwarf;
				ENABLE_STRICT_OBJC_MSGSEND = YES;
				ENABLE_TESTABILITY = YES;
				GCC_C_LANGUAGE_STANDARD = gnu11;
				GCC_DYNAMIC_NO_PIC = NO;
				GCC_NO_COMMON_BLOCKS = YES;
				GCC_OPTIMIZATION_LEVEL = 0;
				GCC_PREPROCESSOR_DEFINITIONS = (
					"DEBUG=1",
					"$(inherited)",
				);
				GCC_WARN_64_TO_32_BIT_CONVERSION = YES;
				GCC_WARN_ABOUT_RETURN_TYPE = YES_ERROR;
				GCC_WARN_UNDECLARED_SELECTOR = YES;
				GCC_WARN_UNINITIALIZED_AUTOS = YES_AGGRESSIVE;
				GCC_WARN_UNUSED_FUNCTION = YES;
				GCC_WARN_UNUSED_VARIABLE = YES;
				IPHONEOS_DEPLOYMENT_TARGET = 9.0;
				MTL_ENABLE_DEBUG_INFO = YES;
				ONLY_ACTIVE_ARCH = YES;
				SDKROOT = iphoneos;
				SWIFT_ACTIVE_COMPILATION_CONDITIONS = DEBUG;
				SWIFT_OPTIMIZATION_LEVEL = "-Onone";
			};
			name = Debug;
		};
		42F9C2BC205E3B850077244F /* Release */ = {
			isa = XCBuildConfiguration;
			buildSettings = {
				ALWAYS_SEARCH_USER_PATHS = NO;
				CLANG_ANALYZER_NONNULL = YES;
				CLANG_ANALYZER_NUMBER_OBJECT_CONVERSION = YES_AGGRESSIVE;
				CLANG_CXX_LANGUAGE_STANDARD = "gnu++14";
				CLANG_CXX_LIBRARY = "libc++";
				CLANG_ENABLE_MODULES = YES;
				CLANG_ENABLE_OBJC_ARC = YES;
				CLANG_WARN_BLOCK_CAPTURE_AUTORELEASING = YES;
				CLANG_WARN_BOOL_CONVERSION = YES;
				CLANG_WARN_COMMA = YES;
				CLANG_WARN_CONSTANT_CONVERSION = YES;
				CLANG_WARN_DIRECT_OBJC_ISA_USAGE = YES_ERROR;
				CLANG_WARN_DOCUMENTATION_COMMENTS = YES;
				CLANG_WARN_EMPTY_BODY = YES;
				CLANG_WARN_ENUM_CONVERSION = YES;
				CLANG_WARN_INFINITE_RECURSION = YES;
				CLANG_WARN_INT_CONVERSION = YES;
				CLANG_WARN_NON_LITERAL_NULL_CONVERSION = YES;
				CLANG_WARN_OBJC_LITERAL_CONVERSION = YES;
				CLANG_WARN_OBJC_ROOT_CLASS = YES_ERROR;
				CLANG_WARN_RANGE_LOOP_ANALYSIS = YES;
				CLANG_WARN_STRICT_PROTOTYPES = YES;
				CLANG_WARN_SUSPICIOUS_MOVE = YES;
				CLANG_WARN_UNGUARDED_AVAILABILITY = YES_AGGRESSIVE;
				CLANG_WARN_UNREACHABLE_CODE = YES;
				CLANG_WARN__DUPLICATE_METHOD_MATCH = YES;
				CODE_SIGN_IDENTITY = "iPhone Developer";
				COPY_PHASE_STRIP = NO;
				DEBUG_INFORMATION_FORMAT = "dwarf-with-dsym";
				ENABLE_NS_ASSERTIONS = NO;
				ENABLE_STRICT_OBJC_MSGSEND = YES;
				GCC_C_LANGUAGE_STANDARD = gnu11;
				GCC_NO_COMMON_BLOCKS = YES;
				GCC_WARN_64_TO_32_BIT_CONVERSION = YES;
				GCC_WARN_ABOUT_RETURN_TYPE = YES_ERROR;
				GCC_WARN_UNDECLARED_SELECTOR = YES;
				GCC_WARN_UNINITIALIZED_AUTOS = YES_AGGRESSIVE;
				GCC_WARN_UNUSED_FUNCTION = YES;
				GCC_WARN_UNUSED_VARIABLE = YES;
				IPHONEOS_DEPLOYMENT_TARGET = 9.0;
				MTL_ENABLE_DEBUG_INFO = NO;
				SDKROOT = iphoneos;
				SWIFT_OPTIMIZATION_LEVEL = "-Owholemodule";
				VALIDATE_PRODUCT = YES;
			};
			name = Release;
		};
		42F9C2BE205E3B850077244F /* Debug */ = {
			isa = XCBuildConfiguration;
			buildSettings = {
				ASSETCATALOG_COMPILER_APPICON_NAME = AppIcon;
				CODE_SIGN_STYLE = Automatic;
				DEVELOPMENT_TEAM = S2T4S76962;
				INFOPLIST_FILE = Zany/Info.plist;
				IPHONEOS_DEPLOYMENT_TARGET = 9.0;
				LD_RUNPATH_SEARCH_PATHS = "$(inherited) @executable_path/Frameworks";
				PRODUCT_BUNDLE_IDENTIFIER = YV.Zany;
				PRODUCT_NAME = "$(TARGET_NAME)";
				SWIFT_VERSION = 4.0;
				TARGETED_DEVICE_FAMILY = "1,2";
			};
			name = Debug;
		};
		42F9C2BF205E3B850077244F /* Release */ = {
			isa = XCBuildConfiguration;
			buildSettings = {
				ASSETCATALOG_COMPILER_APPICON_NAME = AppIcon;
				CODE_SIGN_STYLE = Automatic;
				DEVELOPMENT_TEAM = S2T4S76962;
				INFOPLIST_FILE = Zany/Info.plist;
				IPHONEOS_DEPLOYMENT_TARGET = 9.0;
				LD_RUNPATH_SEARCH_PATHS = "$(inherited) @executable_path/Frameworks";
				PRODUCT_BUNDLE_IDENTIFIER = YV.Zany;
				PRODUCT_NAME = "$(TARGET_NAME)";
				SWIFT_VERSION = 4.0;
				TARGETED_DEVICE_FAMILY = "1,2";
			};
			name = Release;
		};
		42F9C2C1205E3B850077244F /* Debug */ = {
			isa = XCBuildConfiguration;
			buildSettings = {
				ALWAYS_EMBED_SWIFT_STANDARD_LIBRARIES = YES;
				BUNDLE_LOADER = "$(TEST_HOST)";
				CODE_SIGN_STYLE = Automatic;
				DEVELOPMENT_TEAM = S2T4S76962;
				INFOPLIST_FILE = ZanyTests/Info.plist;
				LD_RUNPATH_SEARCH_PATHS = "$(inherited) @executable_path/Frameworks @loader_path/Frameworks";
				PRODUCT_BUNDLE_IDENTIFIER = YV.ZanyTests;
				PRODUCT_NAME = "$(TARGET_NAME)";
				SWIFT_VERSION = 4.0;
				TARGETED_DEVICE_FAMILY = "1,2";
				TEST_HOST = "$(BUILT_PRODUCTS_DIR)/Zany.app/Zany";
			};
			name = Debug;
		};
		42F9C2C2205E3B850077244F /* Release */ = {
			isa = XCBuildConfiguration;
			buildSettings = {
				ALWAYS_EMBED_SWIFT_STANDARD_LIBRARIES = YES;
				BUNDLE_LOADER = "$(TEST_HOST)";
				CODE_SIGN_STYLE = Automatic;
				DEVELOPMENT_TEAM = S2T4S76962;
				INFOPLIST_FILE = ZanyTests/Info.plist;
				LD_RUNPATH_SEARCH_PATHS = "$(inherited) @executable_path/Frameworks @loader_path/Frameworks";
				PRODUCT_BUNDLE_IDENTIFIER = YV.ZanyTests;
				PRODUCT_NAME = "$(TARGET_NAME)";
				SWIFT_VERSION = 4.0;
				TARGETED_DEVICE_FAMILY = "1,2";
				TEST_HOST = "$(BUILT_PRODUCTS_DIR)/Zany.app/Zany";
			};
			name = Release;
		};
/* End XCBuildConfiguration section */

/* Begin XCConfigurationList section */
		42F9C29B205E3B850077244F /* Build configuration list for PBXProject "Zany" */ = {
			isa = XCConfigurationList;
			buildConfigurations = (
				42F9C2BB205E3B850077244F /* Debug */,
				42F9C2BC205E3B850077244F /* Release */,
			);
			defaultConfigurationIsVisible = 0;
			defaultConfigurationName = Release;
		};
		42F9C2BD205E3B850077244F /* Build configuration list for PBXNativeTarget "Zany" */ = {
			isa = XCConfigurationList;
			buildConfigurations = (
				42F9C2BE205E3B850077244F /* Debug */,
				42F9C2BF205E3B850077244F /* Release */,
			);
			defaultConfigurationIsVisible = 0;
			defaultConfigurationName = Release;
		};
		42F9C2C0205E3B850077244F /* Build configuration list for PBXNativeTarget "ZanyTests" */ = {
			isa = XCConfigurationList;
			buildConfigurations = (
				42F9C2C1205E3B850077244F /* Debug */,
				42F9C2C2205E3B850077244F /* Release */,
			);
			defaultConfigurationIsVisible = 0;
			defaultConfigurationName = Release;
		};
/* End XCConfigurationList section */
	};
	rootObject = 42F9C298205E3B850077244F /* Project object */;
}
